
Microsoft Visual Studio Solution File, Format Version 12.00
# Visual Studio Version 17
VisualStudioVersion = 17.0.31919.166
MinimumVisualStudioVersion = 10.0.40219.1
Project("{FAE04EC0-301F-11D3-BF4B-00C04F79EFBC}") = "YESuo", "YESuo.csproj", "{542677F6-A77F-4D1A-9813-80D86723EDFD}"
EndProject
Global
	GlobalSection(SolutionConfigurationPlatforms) = preSolution
		Debug|Any CPU = Debug|Any CPU
		Release|Any CPU = Release|Any CPU
	EndGlobalSection
	GlobalSection(ProjectConfigurationPlatforms) = postSolution
		{542677F6-A77F-4D1A-9813-80D86723EDFD}.Debug|Any CPU.ActiveCfg = Debug|Any CPU
		{542677F6-A77F-4D1A-9813-80D86723EDFD}.Debug|Any CPU.Build.0 = Debug|Any CPU
		{542677F6-A77F-4D1A-9813-80D86723EDFD}.Release|Any CPU.ActiveCfg = Release|Any CPU
		{542677F6-A77F-4D1A-9813-80D86723EDFD}.Release|Any CPU.Build.0 = Release|Any CPU
	EndGlobalSection
	GlobalSection(SolutionProperties) = preSolution
		HideSolutionNode = FALSE
	EndGlobalSection
	GlobalSection(ExtensibilityGlobals) = postSolution
		SolutionGuid = {9E3B0F60-D279-4B7F-8788-54520134C5A5}
	EndGlobalSection
EndGlobal
